
Microsoft Visual Studio Solution File, Format Version 12.00
# Visual Studio 15
VisualStudioVersion = 15.0.28307.136
MinimumVisualStudioVersion = 10.0.40219.1
Project("{FAE04EC0-301F-11D3-BF4B-00C04F79EFBC}") = "Hangman", "Hangman\Hangman.csproj", "{959B6667-FF7C-4C2E-A9B1-EC884208AA99}"
EndProject
Global
	GlobalSection(SolutionConfigurationPlatforms) = preSolution
		Debug|Any CPU = Debug|Any CPU
		Release|Any CPU = Release|Any CPU
	EndGlobalSection
	GlobalSection(ProjectConfigurationPlatforms) = postSolution
		{959B6667-FF7C-4C2E-A9B1-EC884208AA99}.Debug|Any CPU.ActiveCfg = Debug|Any CPU
		{959B6667-FF7C-4C2E-A9B1-EC884208AA99}.Debug|Any CPU.Build.0 = Debug|Any CPU
		{959B6667-FF7C-4C2E-A9B1-EC884208AA99}.Release|Any CPU.ActiveCfg = Release|Any CPU
		{959B6667-FF7C-4C2E-A9B1-EC884208AA99}.Release|Any CPU.Build.0 = Release|Any CPU
	EndGlobalSection
	GlobalSection(SolutionProperties) = preSolution
		HideSolutionNode = FALSE
	EndGlobalSection
	GlobalSection(ExtensibilityGlobals) = postSolution
		SolutionGuid = {981CACEB-50A2-4D3A-8C26-9401AE3330AF}
	EndGlobalSection
EndGlobal
